
Microsoft Visual Studio Solution File, Format Version 12.00
# Visual Studio 15
VisualStudioVersion = 15.0.28307.489
MinimumVisualStudioVersion = 10.0.40219.1
Project("{9A19103F-16F7-4668-BE54-9A1E7A4F7556}") = "APIGateway", "src\APIGateways\APIGateway\APIGateway.csproj", "{87C9A20D-9587-4D6F-B35E-B4C161C86EA6}"
EndProject
Project("{9A19103F-16F7-4668-BE54-9A1E7A4F7556}") = "IdentityServerAsp", "src\Services\IdentityServerAsp\IdentityServerAsp.csproj", "{DD354EA8-7E5D-46B2-8AC3-9445D30E8F82}"
EndProject
Project("{9A19103F-16F7-4668-BE54-9A1E7A4F7556}") = "MVCClient", "src\WebApps\MVCClient\MVCClient.csproj", "{0FBB3BA8-C6A8-4C20-B033-9495C5AD6B38}"
EndProject
Project("{9A19103F-16F7-4668-BE54-9A1E7A4F7556}") = "API1", "src\Services\API1\API1.csproj", "{D9345C35-F3E1-4FB6-92C6-1CE60CEC05F1}"
EndProject
Project("{9A19103F-16F7-4668-BE54-9A1E7A4F7556}") = "API2", "src\Services\API2\API2.csproj", "{B95CA2EF-DD53-47B1-B7B0-94288F509C50}"
EndProject
Project("{9A19103F-16F7-4668-BE54-9A1E7A4F7556}") = "API1_second", "src\Services\API1_second\API1_second.csproj", "{69809AE9-AF14-44A9-A63A-EAB25B87F0DF}"
EndProject
Project("{2150E333-8FDC-42A3-9474-1A3956D46DE8}") = "BuildingBlocks", "BuildingBlocks", "{3E142215-3AE1-4BCE-8BB6-E947500874B9}"
EndProject
Project("{2150E333-8FDC-42A3-9474-1A3956D46DE8}") = "src", "src", "{907F031E-3C6E-4556-A0E9-75E06F7CB6A3}"
EndProject
Project("{9A19103F-16F7-4668-BE54-9A1E7A4F7556}") = "SharedLibraries", "src\BuildingBlocks\SharedLibraries\SharedLibraries.csproj", "{35D0E5B5-315A-4B2B-95AC-CCBA9170D10C}"
EndProject
Project("{2150E333-8FDC-42A3-9474-1A3956D46DE8}") = "Services", "Services", "{3C0E6879-BA17-476E-9292-18C43549D2F3}"
EndProject
Project("{2150E333-8FDC-42A3-9474-1A3956D46DE8}") = "ApiGateways", "ApiGateways", "{7E2AF28B-2137-400B-916B-77B3A72164FD}"
EndProject
Project("{2150E333-8FDC-42A3-9474-1A3956D46DE8}") = "WebApps", "WebApps", "{058DA973-1B46-4480-B1F5-D0AA67863D49}"
EndProject
Project("{9A19103F-16F7-4668-BE54-9A1E7A4F7556}") = "SignalRHub", "src\Services\SignalRHub\SignalRHub.csproj", "{514D5385-0445-4687-B80F-923E56CA8326}"
EndProject
Project("{2150E333-8FDC-42A3-9474-1A3956D46DE8}") = "EventBusProjects", "EventBusProjects", "{8B8CDD08-617C-4E01-BAED-4AB68B4CEED4}"
EndProject
Project("{FAE04EC0-301F-11D3-BF4B-00C04F79EFBC}") = "EventBus", "src\BuildingBlocks\EventBusProjects\EventBus\EventBus.csproj", "{2223B09A-07B2-4278-ABCD-696DC712E4FA}"
EndProject
Project("{FAE04EC0-301F-11D3-BF4B-00C04F79EFBC}") = "EventBusRabbitMQ", "src\BuildingBlocks\EventBusProjects\EventBusRabbitMQ\EventBusRabbitMQ.csproj", "{94AA9DAF-84F4-47B5-8EB8-BF0AF0471DF1}"
EndProject
Global
	GlobalSection(SolutionConfigurationPlatforms) = preSolution
		Debug|Any CPU = Debug|Any CPU
		Release|Any CPU = Release|Any CPU
	EndGlobalSection
	GlobalSection(ProjectConfigurationPlatforms) = postSolution
		{87C9A20D-9587-4D6F-B35E-B4C161C86EA6}.Debug|Any CPU.ActiveCfg = Debug|Any CPU
		{87C9A20D-9587-4D6F-B35E-B4C161C86EA6}.Debug|Any CPU.Build.0 = Debug|Any CPU
		{87C9A20D-9587-4D6F-B35E-B4C161C86EA6}.Release|Any CPU.ActiveCfg = Release|Any CPU
		{87C9A20D-9587-4D6F-B35E-B4C161C86EA6}.Release|Any CPU.Build.0 = Release|Any CPU
		{DD354EA8-7E5D-46B2-8AC3-9445D30E8F82}.Debug|Any CPU.ActiveCfg = Debug|Any CPU
		{DD354EA8-7E5D-46B2-8AC3-9445D30E8F82}.Debug|Any CPU.Build.0 = Debug|Any CPU
		{DD354EA8-7E5D-46B2-8AC3-9445D30E8F82}.Release|Any CPU.ActiveCfg = Release|Any CPU
		{DD354EA8-7E5D-46B2-8AC3-9445D30E8F82}.Release|Any CPU.Build.0 = Release|Any CPU
		{0FBB3BA8-C6A8-4C20-B033-9495C5AD6B38}.Debug|Any CPU.ActiveCfg = Debug|Any CPU
		{0FBB3BA8-C6A8-4C20-B033-9495C5AD6B38}.Debug|Any CPU.Build.0 = Debug|Any CPU
		{0FBB3BA8-C6A8-4C20-B033-9495C5AD6B38}.Release|Any CPU.ActiveCfg = Release|Any CPU
		{0FBB3BA8-C6A8-4C20-B033-9495C5AD6B38}.Release|Any CPU.Build.0 = Release|Any CPU
		{D9345C35-F3E1-4FB6-92C6-1CE60CEC05F1}.Debug|Any CPU.ActiveCfg = Debug|Any CPU
		{D9345C35-F3E1-4FB6-92C6-1CE60CEC05F1}.Debug|Any CPU.Build.0 = Debug|Any CPU
		{D9345C35-F3E1-4FB6-92C6-1CE60CEC05F1}.Release|Any CPU.ActiveCfg = Release|Any CPU
		{D9345C35-F3E1-4FB6-92C6-1CE60CEC05F1}.Release|Any CPU.Build.0 = Release|Any CPU
		{B95CA2EF-DD53-47B1-B7B0-94288F509C50}.Debug|Any CPU.ActiveCfg = Debug|Any CPU
		{B95CA2EF-DD53-47B1-B7B0-94288F509C50}.Debug|Any CPU.Build.0 = Debug|Any CPU
		{B95CA2EF-DD53-47B1-B7B0-94288F509C50}.Release|Any CPU.ActiveCfg = Release|Any CPU
		{B95CA2EF-DD53-47B1-B7B0-94288F509C50}.Release|Any CPU.Build.0 = Release|Any CPU
		{69809AE9-AF14-44A9-A63A-EAB25B87F0DF}.Debug|Any CPU.ActiveCfg = Debug|Any CPU
		{69809AE9-AF14-44A9-A63A-EAB25B87F0DF}.Debug|Any CPU.Build.0 = Debug|Any CPU
		{69809AE9-AF14-44A9-A63A-EAB25B87F0DF}.Release|Any CPU.ActiveCfg = Release|Any CPU
		{69809AE9-AF14-44A9-A63A-EAB25B87F0DF}.Release|Any CPU.Build.0 = Release|Any CPU
		{35D0E5B5-315A-4B2B-95AC-CCBA9170D10C}.Debug|Any CPU.ActiveCfg = Debug|Any CPU
		{35D0E5B5-315A-4B2B-95AC-CCBA9170D10C}.Debug|Any CPU.Build.0 = Debug|Any CPU
		{35D0E5B5-315A-4B2B-95AC-CCBA9170D10C}.Release|Any CPU.ActiveCfg = Release|Any CPU
		{35D0E5B5-315A-4B2B-95AC-CCBA9170D10C}.Release|Any CPU.Build.0 = Release|Any CPU
		{514D5385-0445-4687-B80F-923E56CA8326}.Debug|Any CPU.ActiveCfg = Debug|Any CPU
		{514D5385-0445-4687-B80F-923E56CA8326}.Debug|Any CPU.Build.0 = Debug|Any CPU
		{514D5385-0445-4687-B80F-923E56CA8326}.Release|Any CPU.ActiveCfg = Release|Any CPU
		{514D5385-0445-4687-B80F-923E56CA8326}.Release|Any CPU.Build.0 = Release|Any CPU
		{2223B09A-07B2-4278-ABCD-696DC712E4FA}.Debug|Any CPU.ActiveCfg = Debug|Any CPU
		{2223B09A-07B2-4278-ABCD-696DC712E4FA}.Debug|Any CPU.Build.0 = Debug|Any CPU
		{2223B09A-07B2-4278-ABCD-696DC712E4FA}.Release|Any CPU.ActiveCfg = Release|Any CPU
		{2223B09A-07B2-4278-ABCD-696DC712E4FA}.Release|Any CPU.Build.0 = Release|Any CPU
		{94AA9DAF-84F4-47B5-8EB8-BF0AF0471DF1}.Debug|Any CPU.ActiveCfg = Debug|Any CPU
		{94AA9DAF-84F4-47B5-8EB8-BF0AF0471DF1}.Debug|Any CPU.Build.0 = Debug|Any CPU
		{94AA9DAF-84F4-47B5-8EB8-BF0AF0471DF1}.Release|Any CPU.ActiveCfg = Release|Any CPU
		{94AA9DAF-84F4-47B5-8EB8-BF0AF0471DF1}.Release|Any CPU.Build.0 = Release|Any CPU
	EndGlobalSection
	GlobalSection(SolutionProperties) = preSolution
		HideSolutionNode = FALSE
	EndGlobalSection
	GlobalSection(NestedProjects) = preSolution
		{87C9A20D-9587-4D6F-B35E-B4C161C86EA6} = {7E2AF28B-2137-400B-916B-77B3A72164FD}
		{DD354EA8-7E5D-46B2-8AC3-9445D30E8F82} = {3C0E6879-BA17-476E-9292-18C43549D2F3}
		{0FBB3BA8-C6A8-4C20-B033-9495C5AD6B38} = {058DA973-1B46-4480-B1F5-D0AA67863D49}
		{D9345C35-F3E1-4FB6-92C6-1CE60CEC05F1} = {3C0E6879-BA17-476E-9292-18C43549D2F3}
		{B95CA2EF-DD53-47B1-B7B0-94288F509C50} = {3C0E6879-BA17-476E-9292-18C43549D2F3}
		{69809AE9-AF14-44A9-A63A-EAB25B87F0DF} = {3C0E6879-BA17-476E-9292-18C43549D2F3}
		{3E142215-3AE1-4BCE-8BB6-E947500874B9} = {907F031E-3C6E-4556-A0E9-75E06F7CB6A3}
		{35D0E5B5-315A-4B2B-95AC-CCBA9170D10C} = {3E142215-3AE1-4BCE-8BB6-E947500874B9}
		{3C0E6879-BA17-476E-9292-18C43549D2F3} = {907F031E-3C6E-4556-A0E9-75E06F7CB6A3}
		{7E2AF28B-2137-400B-916B-77B3A72164FD} = {907F031E-3C6E-4556-A0E9-75E06F7CB6A3}
		{058DA973-1B46-4480-B1F5-D0AA67863D49} = {907F031E-3C6E-4556-A0E9-75E06F7CB6A3}
		{514D5385-0445-4687-B80F-923E56CA8326} = {3C0E6879-BA17-476E-9292-18C43549D2F3}
		{8B8CDD08-617C-4E01-BAED-4AB68B4CEED4} = {3E142215-3AE1-4BCE-8BB6-E947500874B9}
		{2223B09A-07B2-4278-ABCD-696DC712E4FA} = {8B8CDD08-617C-4E01-BAED-4AB68B4CEED4}
		{94AA9DAF-84F4-47B5-8EB8-BF0AF0471DF1} = {8B8CDD08-617C-4E01-BAED-4AB68B4CEED4}
	EndGlobalSection
	GlobalSection(ExtensibilityGlobals) = postSolution
		SolutionGuid = {1EC7130E-6989-44D9-985B-F8AC26065572}
	EndGlobalSection
EndGlobal
